
Microsoft Visual Studio Solution File, Format Version 12.00
# Visual Studio Version 17
VisualStudioVersion = 17.10.35201.131
MinimumVisualStudioVersion = 10.0.40219.1
Project("{9A19103F-16F7-4668-BE54-9A1E7A4F7556}") = "GameShop", "GameShop.csproj", "{8D7C7A02-52D5-43BF-B78D-C1E4C61BB48C}"
EndProject
Project("{FAE04EC0-301F-11D3-BF4B-00C04F79EFBC}") = "BaseBackend", "..\BaseBackend\BaseBackend.csproj", "{DB0E31DB-D0C7-4473-8C8C-1D16DC32987E}"
EndProject
Global
	GlobalSection(SolutionConfigurationPlatforms) = preSolution
		Debug|Any CPU = Debug|Any CPU
		Release|Any CPU = Release|Any CPU
	EndGlobalSection
	GlobalSection(ProjectConfigurationPlatforms) = postSolution
		{8D7C7A02-52D5-43BF-B78D-C1E4C61BB48C}.Debug|Any CPU.ActiveCfg = Debug|Any CPU
		{8D7C7A02-52D5-43BF-B78D-C1E4C61BB48C}.Debug|Any CPU.Build.0 = Debug|Any CPU
		{8D7C7A02-52D5-43BF-B78D-C1E4C61BB48C}.Release|Any CPU.ActiveCfg = Release|Any CPU
		{8D7C7A02-52D5-43BF-B78D-C1E4C61BB48C}.Release|Any CPU.Build.0 = Release|Any CPU
		{DB0E31DB-D0C7-4473-8C8C-1D16DC32987E}.Debug|Any CPU.ActiveCfg = Debug|Any CPU
		{DB0E31DB-D0C7-4473-8C8C-1D16DC32987E}.Debug|Any CPU.Build.0 = Debug|Any CPU
		{DB0E31DB-D0C7-4473-8C8C-1D16DC32987E}.Release|Any CPU.ActiveCfg = Release|Any CPU
		{DB0E31DB-D0C7-4473-8C8C-1D16DC32987E}.Release|Any CPU.Build.0 = Release|Any CPU
	EndGlobalSection
	GlobalSection(SolutionProperties) = preSolution
		HideSolutionNode = FALSE
	EndGlobalSection
	GlobalSection(ExtensibilityGlobals) = postSolution
		SolutionGuid = {89E92327-E91C-41E6-AC14-12482ACAA974}
	EndGlobalSection
EndGlobal
